
Microsoft Visual Studio Solution File, Format Version 12.00
# Visual Studio Version 17
VisualStudioVersion = 17.2.32516.85
MinimumVisualStudioVersion = 10.0.40219.1
Project("{FAE04EC0-301F-11D3-BF4B-00C04F79EFBC}") = "Simsprojekat", "Simsprojekat\Simsprojekat.csproj", "{9311B46B-3D31-4047-9F03-0D1A87FBE418}"
EndProject
Global
	GlobalSection(SolutionConfigurationPlatforms) = preSolution
		Debug|Any CPU = Debug|Any CPU
		Release|Any CPU = Release|Any CPU
	EndGlobalSection
	GlobalSection(ProjectConfigurationPlatforms) = postSolution
		{9311B46B-3D31-4047-9F03-0D1A87FBE418}.Debug|Any CPU.ActiveCfg = Debug|Any CPU
		{9311B46B-3D31-4047-9F03-0D1A87FBE418}.Debug|Any CPU.Build.0 = Debug|Any CPU
		{9311B46B-3D31-4047-9F03-0D1A87FBE418}.Release|Any CPU.ActiveCfg = Release|Any CPU
		{9311B46B-3D31-4047-9F03-0D1A87FBE418}.Release|Any CPU.Build.0 = Release|Any CPU
	EndGlobalSection
	GlobalSection(SolutionProperties) = preSolution
		HideSolutionNode = FALSE
	EndGlobalSection
	GlobalSection(ExtensibilityGlobals) = postSolution
		SolutionGuid = {84939FAB-BEC1-4483-A667-9EF0630379D0}
	EndGlobalSection
EndGlobal
